# This file is autogenerated, do not edit; changes may be undone by the next 'dep ensure'.


[[projects]]
  name = "github.com/caarlos0/env"
  packages = ["."]
  revision = "7cd7992b3bc86f920394f8de92c13900da1a46b7"
  version = "v3.2.0"

[[projects]]
  name = "github.com/jakoblorz/go-eea"
  packages = ["lib"]
  revision = "6da67a054428e9ffacaf8060c77ce270bf3375ee"
  version = "v0.2.1"

[solve-meta]
  analyzer-name = "dep"
  analyzer-version = 1
  inputs-digest = "fc46fc6889f3bf6e0b6e4596ebb15bfc17916cca7251648a7d00baf24ec92bca"
  solver-name = "gps-cdcl"
  solver-version = 1
